<?xml version="1.0" encoding="utf-8"?>
<Project ToolsVersion="4.0" xmlns="http://schemas.microsoft.com/developer/msbuild/2003">
  <ItemGroup>
    <Filter Include="Source Files">
      <UniqueIdentifier>{4FC737F1-C7A5-4376-A066-2A32D752A2FF}</UniqueIdentifier>
      <Extensions>cpp;c;cc;cxx;def;odl;idl;hpj;bat;asm;asmx</Extensions>
    </Filter>
    <Filter Include="Header Files">
      <UniqueIdentifier>{93995380-89BD-4b04-88EB-625FBE52EBFB}</UniqueIdentifier>
      <Extensions>h;hh;hpp;hxx;hm;inl;inc;xsd</Extensions>
    </Filter>
    <Filter Include="Resource Files">
      <UniqueIdentifier>{67DA6AB6-F800-4c08-8B7A-83BB121AAD01}</UniqueIdentifier>
      <Extensions>rc;ico;cur;bmp;dlg;rc2;rct;bin;rgs;gif;jpg;jpeg;jpe;resx;tiff;tif;png;wav;mfcribbon-ms</Extensions>
    </Filter>
    <Filter Include="Header Files\Messages">
      <UniqueIdentifier>{e8c5c0d3-fdd3-4982-a2b4-1472c6039a89}</UniqueIdentifier>
    </Filter>
    <Filter Include="Documentation">
      <UniqueIdentifier>{2c03f97c-b6fc-4abc-ac5b-591aec1fd003}</UniqueIdentifier>
    </Filter>
    <Filter Include="Header Files\Protocol Handlers">
      <UniqueIdentifier>{0550b767-6a8c-47d9-9576-365292cc4427}</UniqueIdentifier>
    </Filter>
    <Filter Include="Source Files\Protocol Handlers">
      <UniqueIdentifier>{dabb67bd-fa30-47ad-8ad3-53d23bdf2fed}</UniqueIdentifier>
    </Filter>
  </ItemGroup>
  <ItemGroup>
    <ClInclude Include="..\include\messagebus.hh">
      <Filter>Header Files</Filter>
    </ClInclude>
    <ClInclude Include="..\include\settings.hh">
      <Filter>Header Files</Filter>
    </ClInclude>
    <ClInclude Include="..\include\settingsstore.hh">
      <Filter>Header Files</Filter>
    </ClInclude>
    <ClInclude Include="..\include\socketserver.hh">
      <Filter>Header Files</Filter>
    </ClInclude>
    <ClInclude Include="..\include\socketconnection.hh">
      <Filter>Header Files</Filter>
    </ClInclude>
    <ClInclude Include="..\include\socketoutputmessage.hh">
      <Filter>Header Files\Messages</Filter>
    </ClInclude>
    <ClInclude Include="..\include\socketinputmessage.hh">
      <Filter>Header Files\Messages</Filter>
    </ClInclude>
    <ClInclude Include="..\include\message.hh">
      <Filter>Header Files\Messages</Filter>
    </ClInclude>
    <ClInclude Include="..\include\socketconnectionclosedmessage.hh">
      <Filter>Header Files\Messages</Filter>
    </ClInclude>
    <ClInclude Include="..\include\consoleoutputmessage.hh">
      <Filter>Header Files\Messages</Filter>
    </ClInclude>
    <ClInclude Include="..\include\consolemanager.hh">
      <Filter>Header Files</Filter>
    </ClInclude>
    <ClInclude Include="..\include\messagereceiver.hh">
      <Filter>Header Files</Filter>
    </ClInclude>
    <ClInclude Include="..\include\protocolhandler.hh">
      <Filter>Header Files\Protocol Handlers</Filter>
    </ClInclude>
    <ClInclude Include="..\include\protocolhandlerfactory.hh">
      <Filter>Header Files\Protocol Handlers</Filter>
    </ClInclude>
    <ClInclude Include="..\include\ucihandler.hh">
      <Filter>Header Files\Protocol Handlers</Filter>
    </ClInclude>
    <ClInclude Include="..\include\xboardhandler.hh">
      <Filter>Header Files\Protocol Handlers</Filter>
    </ClInclude>
  </ItemGroup>
  <ItemGroup>
    <ClCompile Include="..\src\main.cc">
      <Filter>Source Files</Filter>
    </ClCompile>
    <ClCompile Include="..\src\settingsstore.cc">
      <Filter>Source Files</Filter>
    </ClCompile>
    <ClCompile Include="..\src\socketserver.cc">
      <Filter>Source Files</Filter>
    </ClCompile>
    <ClCompile Include="..\src\socketconnection.cc">
      <Filter>Source Files</Filter>
    </ClCompile>
    <ClCompile Include="..\src\messagebus.cc">
      <Filter>Source Files</Filter>
    </ClCompile>
    <ClCompile Include="..\src\consolemanager.cc">
      <Filter>Source Files</Filter>
    </ClCompile>
    <ClCompile Include="..\src\protocolhandlerfactory.cc">
      <Filter>Source Files\Protocol Handlers</Filter>
    </ClCompile>
    <ClCompile Include="..\src\ucihandler.cc">
      <Filter>Source Files\Protocol Handlers</Filter>
    </ClCompile>
    <ClCompile Include="..\src\xboardhandler.cc">
      <Filter>Source Files\Protocol Handlers</Filter>
    </ClCompile>
  </ItemGroup>
  <ItemGroup>
    <None Include="..\src\SConscript" />
    <None Include="..\include\messagebus.inl-cc">
      <Filter>Header Files</Filter>
    </None>
  </ItemGroup>
  <ItemGroup>
    <Text Include="..\doc\interfacing.txt">
      <Filter>Documentation</Filter>
    </Text>
    <Text Include="..\doc\Todo.txt">
      <Filter>Documentation</Filter>
    </Text>
    <Text Include="..\doc\uci_spec.txt">
      <Filter>Documentation</Filter>
    </Text>
  </ItemGroup>
</Project>